github.com/platenio/platen/modules/platen v0.0.0-20230511124905-dabd5d9d72ab h1:aBdrn/ESAN7r+uGeMGqQrom6pEHAsVulItoDNP1jzws=
github.com/platenio/platen/modules/platen v0.0.0-20230511124905-dabd5d9d72ab/go.mod h1:7pfizXCKb4vonp6Og/3zkoy09YYsHip9/hXiT/pc3IM=
github.com/platenio/platen/modules/platen v0.0.0-20230614143927-dd048e2da196 h1:rSOUejTdKH6VGNCMFn2ti9MhGOcFj+PvnDuYibJoakk=
github.com/platenio/platen/modules/platen v0.0.0-20230614143927-dd048e2da196/go.mod h1:7pfizXCKb4vonp6Og/3zkoy09YYsHip9/hXiT/pc3IM=
